
Microsoft Visual Studio Solution File, Format Version 12.00
# Visual Studio Version 16
VisualStudioVersion = 16.0.31112.23
MinimumVisualStudioVersion = 10.0.40219.1
Project("{FAE04EC0-301F-11D3-BF4B-00C04F79EFBC}") = "MvcMovie", "MvcMovie\MvcMovie.csproj", "{EB500DE1-ACF9-4BE1-A1FA-AC95EF136387}"
EndProject
Global
	GlobalSection(SolutionConfigurationPlatforms) = preSolution
		Debug|Any CPU = Debug|Any CPU
		Release|Any CPU = Release|Any CPU
	EndGlobalSection
	GlobalSection(ProjectConfigurationPlatforms) = postSolution
		{EB500DE1-ACF9-4BE1-A1FA-AC95EF136387}.Debug|Any CPU.ActiveCfg = Debug|Any CPU
		{EB500DE1-ACF9-4BE1-A1FA-AC95EF136387}.Debug|Any CPU.Build.0 = Debug|Any CPU
		{EB500DE1-ACF9-4BE1-A1FA-AC95EF136387}.Release|Any CPU.ActiveCfg = Release|Any CPU
		{EB500DE1-ACF9-4BE1-A1FA-AC95EF136387}.Release|Any CPU.Build.0 = Release|Any CPU
	EndGlobalSection
	GlobalSection(SolutionProperties) = preSolution
		HideSolutionNode = FALSE
	EndGlobalSection
	GlobalSection(ExtensibilityGlobals) = postSolution
		SolutionGuid = {3DEB8492-C504-442B-A0CA-304995BDE74F}
	EndGlobalSection
EndGlobal
